# THIS IS AN AUTOGENERATED FILE. DO NOT EDIT THIS FILE DIRECTLY.
# yarn lockfile v1


"@babel/runtime@^7.7.2":
  version "7.11.2"
  resolved "https://registry.npm.taobao.org/@babel/runtime/download/@babel/runtime-7.11.2.tgz?cache=0&other_urls=https%3A%2F%2Fregistry.npm.taobao.org%2F%40babel%2Fruntime%2Fdownload%2F%40babel%2Fruntime-7.11.2.tgz#f549c13c754cc40b87644b9fa9f09a6a95fe0736"
  integrity sha1-9UnBPHVMxAuHZEufqfCaapX+BzY=
  dependencies:
    regenerator-runtime "^0.13.4"

"@jimp/bmp@^0.12.1":
  version "0.12.1"
  resolved "https://registry.npm.taobao.org/@jimp/bmp/download/@jimp/bmp-0.12.1.tgz#43cf1f711797c029aa7570a492769b4778638da2"
  integrity sha1-Q88fcReXwCmqdXCkknabR3hjjaI=
  dependencies:
    "@babel/runtime" "^7.7.2"
    "@jimp/utils" "^0.12.1"
    bmp-js "^0.1.0"

"@jimp/core@^0.12.1":
  version "0.12.1"
  resolved "https://registry.npm.taobao.org/@jimp/core/download/@jimp/core-0.12.1.tgz#a46341e5476e00115b1fab399627d65f9ab2d442"
  integrity sha1-pGNB5UduABFbH6s5lifWX5qy1EI=
  dependencies:
    "@babel/runtime" "^7.7.2"
    "@jimp/utils" "^0.12.1"
    any-base "^1.1.0"
    buffer "^5.2.0"
    exif-parser "^0.1.12"
    file-type "^9.0.0"
    load-bmfont "^1.3.1"
    mkdirp "^0.5.1"
    phin "^2.9.1"
    pixelmatch "^4.0.2"
    tinycolor2 "^1.4.1"

"@jimp/custom@^0.12.1":
  version "0.12.1"
  resolved "https://registry.npm.taobao.org/@jimp/custom/download/@jimp/custom-0.12.1.tgz#e54d0fb2c29f4eb3b5b0bd00dc4cd25a78f48af4"
  integrity sha1-5U0PssKfTrO1sL0A3EzSWnj0ivQ=
  dependencies:
    "@babel/runtime" "^7.7.2"
    "@jimp/core" "^0.12.1"

"@jimp/gif@^0.12.1":
  version "0.12.1"
  resolved "https://registry.npm.taobao.org/@jimp/gif/download/@jimp/gif-0.12.1.tgz#e5fe9e25796ef6390044b9f1a595e2ef2ebe9fe8"
  integrity sha1-5f6eJXlu9jkARLnxpZXi7y6+n+g=
  dependencies:
    "@babel/runtime" "^7.7.2"
    "@jimp/utils" "^0.12.1"
    omggif "^1.0.9"

"@jimp/jpeg@^0.12.1":
  version "0.12.1"
  resolved "https://registry.npm.taobao.org/@jimp/jpeg/download/@jimp/jpeg-0.12.1.tgz#adaacd30d819241cdddc978dc4facc882a0846ab"
  integrity sha1-rarNMNgZJBzd3JeNxPrMiCoIRqs=
  dependencies:
    "@babel/runtime" "^7.7.2"
    "@jimp/utils" "^0.12.1"
    jpeg-js "^0.4.0"

"@jimp/plugin-blit@^0.12.1":
  version "0.12.1"
  resolved "https://registry.npm.taobao.org/@jimp/plugin-blit/download/@jimp/plugin-blit-0.12.1.tgz#555a492fd71370820b7a1b85cc04ba3c58b0c4c7"
  integrity sha1-VVpJL9cTcIILehuFzAS6PFiwxMc=
  dependencies:
    "@babel/runtime" "^7.7.2"
    "@jimp/utils" "^0.12.1"

"@jimp/plugin-blur@^0.12.1":
  version "0.12.1"
  resolved "https://registry.npm.taobao.org/@jimp/plugin-blur/download/@jimp/plugin-blur-0.12.1.tgz#93cf1b6c44e4c7bbb80914ef953c8bb3dac31295"
  integrity sha1-k88bbETkx7u4CRTvlTyLs9rDEpU=
  dependencies:
    "@babel/runtime" "^7.7.2"
    "@jimp/utils" "^0.12.1"

"@jimp/plugin-circle@^0.12.1":
  version "0.12.1"
  resolved "https://registry.npm.taobao.org/@jimp/plugin-circle/download/@jimp/plugin-circle-0.12.1.tgz#56100e5b04c98b711e2c2188d0825c0e1766be69"
  integrity sha1-VhAOWwTJi3EeLCGI0IJcDhdmvmk=
  dependencies:
    "@babel/runtime" "^7.7.2"
    "@jimp/utils" "^0.12.1"

"@jimp/plugin-color@^0.12.1":
  version "0.12.1"
  resolved "https://registry.npm.taobao.org/@jimp/plugin-color/download/@jimp/plugin-color-0.12.1.tgz#193f4d851c29b5d393843b68385eee3d13b7ea7e"
  integrity sha1-GT9NhRwptdOThDtoOF7uPRO36n4=
  dependencies:
    "@babel/runtime" "^7.7.2"
    "@jimp/utils" "^0.12.1"
    tinycolor2 "^1.4.1"

"@jimp/plugin-contain@^0.12.1":
  version "0.12.1"
  resolved "https://registry.npm.taobao.org/@jimp/plugin-contain/download/@jimp/plugin-contain-0.12.1.tgz#6dffe0632e5acbc5d5d17671910f6671a4849c5a"
  integrity sha1-bf/gYy5ay8XV0XZxkQ9mcaSEnFo=
  dependencies:
    "@babel/runtime" "^7.7.2"
    "@jimp/utils" "^0.12.1"

"@jimp/plugin-cover@^0.12.1":
  version "0.12.1"
  resolved "https://registry.npm.taobao.org/@jimp/plugin-cover/download/@jimp/plugin-cover-0.12.1.tgz#c0e9005d891efbaa6533ca4d6874d3e14cc51179"
  integrity sha1-wOkAXYke+6plM8pNaHTT4UzFEXk=
  dependencies:
    "@babel/runtime" "^7.7.2"
    "@jimp/utils" "^0.12.1"

"@jimp/plugin-crop@^0.12.1":
  version "0.12.1"
  resolved "https://registry.npm.taobao.org/@jimp/plugin-crop/download/@jimp/plugin-crop-0.12.1.tgz#44a5adb5f5222c3d3c6c94410b1995fe88041ada"
  integrity sha1-RKWttfUiLD08bJRBCxmV/ogEGto=
  dependencies:
    "@babel/runtime" "^7.7.2"
    "@jimp/utils" "^0.12.1"

"@jimp/plugin-displace@^0.12.1":
  version "0.12.1"
  resolved "https://registry.npm.taobao.org/@jimp/plugin-displace/download/@jimp/plugin-displace-0.12.1.tgz#d83b5d4d45a35b5d7b7722ec8657d46a3ccc6da1"
  integrity sha1-2DtdTUWjW117dyLshlfUajzMbaE=
  dependencies:
    "@babel/runtime" "^7.7.2"
    "@jimp/utils" "^0.12.1"

"@jimp/plugin-dither@^0.12.1":
  version "0.12.1"
  resolved "https://registry.npm.taobao.org/@jimp/plugin-dither/download/@jimp/plugin-dither-0.12.1.tgz#1265a063423a20b9425f5055fe3ddafaa0eea9fe"
  integrity sha1-EmWgY0I6ILlCX1BV/j3a+qDuqf4=
  dependencies:
    "@babel/runtime" "^7.7.2"
    "@jimp/utils" "^0.12.1"

"@jimp/plugin-fisheye@^0.12.1":
  version "0.12.1"
  resolved "https://registry.npm.taobao.org/@jimp/plugin-fisheye/download/@jimp/plugin-fisheye-0.12.1.tgz#0afa268abbfcc88212f49b2b84b04da89f35cae2"
  integrity sha1-Cvomirv8yIIS9JsrhLBNqJ81yuI=
  dependencies:
    "@babel/runtime" "^7.7.2"
    "@jimp/utils" "^0.12.1"

"@jimp/plugin-flip@^0.12.1":
  version "0.12.1"
  resolved "https://registry.npm.taobao.org/@jimp/plugin-flip/download/@jimp/plugin-flip-0.12.1.tgz#b80415e69cf477d40f1960bc6081441ba0ce54dc"
  integrity sha1-uAQV5pz0d9QPGWC8YIFEG6DOVNw=
  dependencies:
    "@babel/runtime" "^7.7.2"
    "@jimp/utils" "^0.12.1"

"@jimp/plugin-gaussian@^0.12.1":
  version "0.12.1"
  resolved "https://registry.npm.taobao.org/@jimp/plugin-gaussian/download/@jimp/plugin-gaussian-0.12.1.tgz#7cd1fa2c7b6f6d91776af043d202aa595430c34a"
  integrity sha1-fNH6LHtvbZF3avBD0gKqWVQww0o=
  dependencies:
    "@babel/runtime" "^7.7.2"
    "@jimp/utils" "^0.12.1"

"@jimp/plugin-invert@^0.12.1":
  version "0.12.1"
  resolved "https://registry.npm.taobao.org/@jimp/plugin-invert/download/@jimp/plugin-invert-0.12.1.tgz#9403089d9f740d54be72270faa28f392bf3dff9c"
  integrity sha1-lAMInZ90DVS+cicPqijzkr89/5w=
  dependencies:
    "@babel/runtime" "^7.7.2"
    "@jimp/utils" "^0.12.1"

"@jimp/plugin-mask@^0.12.1":
  version "0.12.1"
  resolved "https://registry.npm.taobao.org/@jimp/plugin-mask/download/@jimp/plugin-mask-0.12.1.tgz#3cbf2c990c9ecb76b34e8c13c028bc469acfd593"
  integrity sha1-PL8smQyey3azTowTwCi8RprP1ZM=
  dependencies:
    "@babel/runtime" "^7.7.2"
    "@jimp/utils" "^0.12.1"

"@jimp/plugin-normalize@^0.12.1":
  version "0.12.1"
  resolved "https://registry.npm.taobao.org/@jimp/plugin-normalize/download/@jimp/plugin-normalize-0.12.1.tgz#e1cc7724792f7ace9573ed550bd9cda57e06e560"
  integrity sha1-4cx3JHkves6Vc+1VC9nNpX4G5WA=
  dependencies:
    "@babel/runtime" "^7.7.2"
    "@jimp/utils" "^0.12.1"

"@jimp/plugin-print@^0.12.1":
  version "0.12.1"
  resolved "https://registry.npm.taobao.org/@jimp/plugin-print/download/@jimp/plugin-print-0.12.1.tgz#1e604cd796fcffd7a9188ce3e94a1f5f1bc56a9f"
  integrity sha1-HmBM15b8/9epGIzj6UofXxvFap8=
  dependencies:
    "@babel/runtime" "^7.7.2"
    "@jimp/utils" "^0.12.1"
    load-bmfont "^1.4.0"

"@jimp/plugin-resize@^0.12.1":
  version "0.12.1"
  resolved "https://registry.npm.taobao.org/@jimp/plugin-resize/download/@jimp/plugin-resize-0.12.1.tgz#cb0347320eb392136a16e179c396f636891038af"
  integrity sha1-ywNHMg6zkhNqFuF5w5b2NokQOK8=
  dependencies:
    "@babel/runtime" "^7.7.2"
    "@jimp/utils" "^0.12.1"

"@jimp/plugin-rotate@^0.12.1":
  version "0.12.1"
  resolved "https://registry.npm.taobao.org/@jimp/plugin-rotate/download/@jimp/plugin-rotate-0.12.1.tgz#29101e949f96047bcee2afaba5008be8f92ed8e8"
  integrity sha1-KRAelJ+WBHvO4q+rpQCL6Pku2Og=
  dependencies:
    "@babel/runtime" "^7.7.2"
    "@jimp/utils" "^0.12.1"

"@jimp/plugin-scale@^0.12.1":
  version "0.12.1"
  resolved "https://registry.npm.taobao.org/@jimp/plugin-scale/download/@jimp/plugin-scale-0.12.1.tgz#bf9c2e5af47dc07d48d8ab16fecba96b40af3734"
  integrity sha1-v5wuWvR9wH1I2KsW/supa0CvNzQ=
  dependencies:
    "@babel/runtime" "^7.7.2"
    "@jimp/utils" "^0.12.1"

"@jimp/plugin-shadow@^0.12.1":
  version "0.12.1"
  resolved "https://registry.npm.taobao.org/@jimp/plugin-shadow/download/@jimp/plugin-shadow-0.12.1.tgz#63508e3d321dbd057acc1e93b90c326257e0f1c3"
  integrity sha1-Y1COPTIdvQV6zB6TuQwyYlfg8cM=
  dependencies:
    "@babel/runtime" "^7.7.2"
    "@jimp/utils" "^0.12.1"

"@jimp/plugin-threshold@^0.12.1":
  version "0.12.1"
  resolved "https://registry.npm.taobao.org/@jimp/plugin-threshold/download/@jimp/plugin-threshold-0.12.1.tgz#deaa1ac912522b9b7353820e84c8706ff433aa04"
  integrity sha1-3qoayRJSK5tzU4IOhMhwb/QzqgQ=
  dependencies:
    "@babel/runtime" "^7.7.2"
    "@jimp/utils" "^0.12.1"

"@jimp/plugins@^0.12.1":
  version "0.12.1"
  resolved "https://registry.npm.taobao.org/@jimp/plugins/download/@jimp/plugins-0.12.1.tgz#450a1312184f649d81b75fc1aeff265e99c8f2b3"
  integrity sha1-RQoTEhhPZJ2Bt1/Brv8mXpnI8rM=
  dependencies:
    "@babel/runtime" "^7.7.2"
    "@jimp/plugin-blit" "^0.12.1"
    "@jimp/plugin-blur" "^0.12.1"
    "@jimp/plugin-circle" "^0.12.1"
    "@jimp/plugin-color" "^0.12.1"
    "@jimp/plugin-contain" "^0.12.1"
    "@jimp/plugin-cover" "^0.12.1"
    "@jimp/plugin-crop" "^0.12.1"
    "@jimp/plugin-displace" "^0.12.1"
    "@jimp/plugin-dither" "^0.12.1"
    "@jimp/plugin-fisheye" "^0.12.1"
    "@jimp/plugin-flip" "^0.12.1"
    "@jimp/plugin-gaussian" "^0.12.1"
    "@jimp/plugin-invert" "^0.12.1"
    "@jimp/plugin-mask" "^0.12.1"
    "@jimp/plugin-normalize" "^0.12.1"
    "@jimp/plugin-print" "^0.12.1"
    "@jimp/plugin-resize" "^0.12.1"
    "@jimp/plugin-rotate" "^0.12.1"
    "@jimp/plugin-scale" "^0.12.1"
    "@jimp/plugin-shadow" "^0.12.1"
    "@jimp/plugin-threshold" "^0.12.1"
    timm "^1.6.1"

"@jimp/png@^0.12.1":
  version "0.12.1"
  resolved "https://registry.npm.taobao.org/@jimp/png/download/@jimp/png-0.12.1.tgz#85d99ed6304e7d37f8e5279b3b4b058ed28a7f67"
  integrity sha1-hdme1jBOfTf45SebO0sFjtKKf2c=
  dependencies:
    "@babel/runtime" "^7.7.2"
    "@jimp/utils" "^0.12.1"
    pngjs "^3.3.3"

"@jimp/tiff@^0.12.1":
  version "0.12.1"
  resolved "https://registry.npm.taobao.org/@jimp/tiff/download/@jimp/tiff-0.12.1.tgz#ce2cd058d0f3a9fe43564866b6a64a815c141a9e"
  integrity sha1-zizQWNDzqf5DVkhmtqZKgVwUGp4=
  dependencies:
    "@babel/runtime" "^7.7.2"
    utif "^2.0.1"

"@jimp/types@^0.12.1":
  version "0.12.1"
  resolved "https://registry.npm.taobao.org/@jimp/types/download/@jimp/types-0.12.1.tgz#2671e228bd1abc7f086e2f4316097c15aa4b41c0"
  integrity sha1-JnHiKL0avH8Ibi9DFgl8FapLQcA=
  dependencies:
    "@babel/runtime" "^7.7.2"
    "@jimp/bmp" "^0.12.1"
    "@jimp/gif" "^0.12.1"
    "@jimp/jpeg" "^0.12.1"
    "@jimp/png" "^0.12.1"
    "@jimp/tiff" "^0.12.1"
    timm "^1.6.1"

"@jimp/utils@^0.12.1":
  version "0.12.1"
  resolved "https://registry.npm.taobao.org/@jimp/utils/download/@jimp/utils-0.12.1.tgz#e9ab43dcd55f88a8fdf250a84bcf43d09713bd9d"
  integrity sha1-6atD3NVfiKj98lCoS89D0JcTvZ0=
  dependencies:
    "@babel/runtime" "^7.7.2"
    regenerator-runtime "^0.13.3"

"@types/color-name@^1.1.1":
  version "1.1.1"
  resolved "https://registry.npm.taobao.org/@types/color-name/download/@types/color-name-1.1.1.tgz#1c1261bbeaa10a8055bbc5d8ab84b7b2afc846a0"
  integrity sha1-HBJhu+qhCoBVu8XYq4S3sq/IRqA=

"@types/node@^14.0.12":
  version "14.6.0"
  resolved "https://registry.npm.taobao.org/@types/node/download/@types/node-14.6.0.tgz?cache=0&sync_timestamp=1597674929436&other_urls=https%3A%2F%2Fregistry.npm.taobao.org%2F%40types%2Fnode%2Fdownload%2F%40types%2Fnode-14.6.0.tgz#7d4411bf5157339337d7cff864d9ff45f177b499"
  integrity sha1-fUQRv1FXM5M318/4ZNn/RfF3tJk=

ansi-regex@^5.0.0:
  version "5.0.0"
  resolved "https://registry.npm.taobao.org/ansi-regex/download/ansi-regex-5.0.0.tgz#388539f55179bf39339c81af30a654d69f87cb75"
  integrity sha1-OIU59VF5vzkznIGvMKZU1p+Hy3U=

ansi-styles@^4.0.0:
  version "4.2.1"
  resolved "https://registry.npm.taobao.org/ansi-styles/download/ansi-styles-4.2.1.tgz#90ae75c424d008d2624c5bf29ead3177ebfcf359"
  integrity sha1-kK51xCTQCNJiTFvynq0xd+v881k=
  dependencies:
    "@types/color-name" "^1.1.1"
    color-convert "^2.0.1"

any-base@^1.1.0:
  version "1.1.0"
  resolved "https://registry.npm.taobao.org/any-base/download/any-base-1.1.0.tgz#ae101a62bc08a597b4c9ab5b7089d456630549fe"
  integrity sha1-rhAaYrwIpZe0yatbcInUVmMFSf4=

balanced-match@^1.0.0:
  version "1.0.0"
  resolved "https://registry.npm.taobao.org/balanced-match/download/balanced-match-1.0.0.tgz#89b4d199ab2bee49de164ea02b89ce462d71b767"
  integrity sha1-ibTRmasr7kneFk6gK4nORi1xt2c=

base64-js@^1.0.2:
  version "1.3.1"
  resolved "https://registry.npm.taobao.org/base64-js/download/base64-js-1.3.1.tgz#58ece8cb75dd07e71ed08c736abc5fac4dbf8df1"
  integrity sha1-WOzoy3XdB+ce0IxzarxfrE2/jfE=

bmp-js@^0.1.0:
  version "0.1.0"
  resolved "https://registry.npm.taobao.org/bmp-js/download/bmp-js-0.1.0.tgz#e05a63f796a6c1ff25f4771ec7adadc148c07233"
  integrity sha1-4Fpj95amwf8l9Hcex62twUjAcjM=

brace-expansion@^1.1.7:
  version "1.1.11"
  resolved "https://registry.npm.taobao.org/brace-expansion/download/brace-expansion-1.1.11.tgz#3c7fcbf529d87226f3d2f52b966ff5271eb441dd"
  integrity sha1-PH/L9SnYcibz0vUrlm/1Jx60Qd0=
  dependencies:
    balanced-match "^1.0.0"
    concat-map "0.0.1"

buffer-equal@0.0.1:
  version "0.0.1"
  resolved "https://registry.npm.taobao.org/buffer-equal/download/buffer-equal-0.0.1.tgz#91bc74b11ea405bc916bc6aa908faafa5b4aac4b"
  integrity sha1-kbx0sR6kBbyRa8aqkI+q+ltKrEs=

buffer@^5.2.0:
  version "5.6.0"
  resolved "https://registry.npm.taobao.org/buffer/download/buffer-5.6.0.tgz#a31749dc7d81d84db08abf937b6b8c4033f62786"
  integrity sha1-oxdJ3H2B2E2wir+Te2uMQDP2J4Y=
  dependencies:
    base64-js "^1.0.2"
    ieee754 "^1.1.4"

camelcase@^5.0.0:
  version "5.3.1"
  resolved "https://registry.npm.taobao.org/camelcase/download/camelcase-5.3.1.tgz?cache=0&sync_timestamp=1589682790492&other_urls=https%3A%2F%2Fregistry.npm.taobao.org%2Fcamelcase%2Fdownload%2Fcamelcase-5.3.1.tgz#e3c9b31569e106811df242f715725a1f4c494320"
  integrity sha1-48mzFWnhBoEd8kL3FXJaH0xJQyA=

cliui@^6.0.0:
  version "6.0.0"
  resolved "https://registry.npm.taobao.org/cliui/download/cliui-6.0.0.tgz?cache=0&sync_timestamp=1597608006561&other_urls=https%3A%2F%2Fregistry.npm.taobao.org%2Fcliui%2Fdownload%2Fcliui-6.0.0.tgz#511d702c0c4e41ca156d7d0e96021f23e13225b1"
  integrity sha1-UR1wLAxOQcoVbX0OlgIfI+EyJbE=
  dependencies:
    string-width "^4.2.0"
    strip-ansi "^6.0.0"
    wrap-ansi "^6.2.0"

color-convert@^2.0.1:
  version "2.0.1"
  resolved "https://registry.npm.taobao.org/color-convert/download/color-convert-2.0.1.tgz#72d3a68d598c9bdb3af2ad1e84f21d896abd4de3"
  integrity sha1-ctOmjVmMm9s68q0ehPIdiWq9TeM=
  dependencies:
    color-name "~1.1.4"

color-name@~1.1.4:
  version "1.1.4"
  resolved "https://registry.npm.taobao.org/color-name/download/color-name-1.1.4.tgz#c2a09a87acbde69543de6f63fa3995c826c536a2"
  integrity sha1-wqCah6y95pVD3m9j+jmVyCbFNqI=

concat-map@0.0.1:
  version "0.0.1"
  resolved "https://registry.npm.taobao.org/concat-map/download/concat-map-0.0.1.tgz#d8a96bd77fd68df7793a73036a3ba0d5405d477b"
  integrity sha1-2Klr13/Wjfd5OnMDajug1UBdR3s=

decamelize@^1.2.0:
  version "1.2.0"
  resolved "https://registry.npm.taobao.org/decamelize/download/decamelize-1.2.0.tgz#f6534d15148269b20352e7bee26f501f9a191290"
  integrity sha1-9lNNFRSCabIDUue+4m9QH5oZEpA=

digital-watermarking@^1.1.9:
  version "1.1.9"
  resolved "https://registry.npm.taobao.org/digital-watermarking/download/digital-watermarking-1.1.9.tgz#78b7d1078f48d1e4d37964feb52772d8c9039b89"
  integrity sha1-eLfRB49I0eTTeWT+tSdy2MkDm4k=
  dependencies:
    "@types/node" "^14.0.12"
    jimp "^0.12.1"
    require-vm "^1.0.4"

dom-walk@^0.1.0:
  version "0.1.2"
  resolved "https://registry.npm.taobao.org/dom-walk/download/dom-walk-0.1.2.tgz#0c548bef048f4d1f2a97249002236060daa3fd84"
  integrity sha1-DFSL7wSPTR8qlySQAiNgYNqj/YQ=

emoji-regex@^8.0.0:
  version "8.0.0"
  resolved "https://registry.npm.taobao.org/emoji-regex/download/emoji-regex-8.0.0.tgz#e818fd69ce5ccfcb404594f842963bf53164cc37"
  integrity sha1-6Bj9ac5cz8tARZT4QpY79TFkzDc=

exif-parser@^0.1.12:
  version "0.1.12"
  resolved "https://registry.npm.taobao.org/exif-parser/download/exif-parser-0.1.12.tgz#58a9d2d72c02c1f6f02a0ef4a9166272b7760922"
  integrity sha1-WKnS1ywCwfbwKg70qRZicrd2CSI=

file-type@^9.0.0:
  version "9.0.0"
  resolved "https://registry.npm.taobao.org/file-type/download/file-type-9.0.0.tgz?cache=0&sync_timestamp=1596812072464&other_urls=https%3A%2F%2Fregistry.npm.taobao.org%2Ffile-type%2Fdownload%2Ffile-type-9.0.0.tgz#a68d5ad07f486414dfb2c8866f73161946714a18"
  integrity sha1-po1a0H9IZBTfssiGb3MWGUZxShg=

find-up@^4.1.0:
  version "4.1.0"
  resolved "https://registry.npm.taobao.org/find-up/download/find-up-4.1.0.tgz?cache=0&sync_timestamp=1597169842138&other_urls=https%3A%2F%2Fregistry.npm.taobao.org%2Ffind-up%2Fdownload%2Ffind-up-4.1.0.tgz#97afe7d6cdc0bc5928584b7c8d7b16e8a9aa5d19"
  integrity sha1-l6/n1s3AvFkoWEt8jXsW6KmqXRk=
  dependencies:
    locate-path "^5.0.0"
    path-exists "^4.0.0"

fs.realpath@^1.0.0:
  version "1.0.0"
  resolved "https://registry.npm.taobao.org/fs.realpath/download/fs.realpath-1.0.0.tgz#1504ad2523158caa40db4a2787cb01411994ea4f"
  integrity sha1-FQStJSMVjKpA20onh8sBQRmU6k8=

get-caller-file@^2.0.1:
  version "2.0.5"
  resolved "https://registry.npm.taobao.org/get-caller-file/download/get-caller-file-2.0.5.tgz#4f94412a82db32f36e3b0b9741f8a97feb031f7e"
  integrity sha1-T5RBKoLbMvNuOwuXQfipf+sDH34=

glob@^7.1.6:
  version "7.1.6"
  resolved "https://registry.npm.taobao.org/glob/download/glob-7.1.6.tgz?cache=0&sync_timestamp=1589682812051&other_urls=https%3A%2F%2Fregistry.npm.taobao.org%2Fglob%2Fdownload%2Fglob-7.1.6.tgz#141f33b81a7c2492e125594307480c46679278a6"
  integrity sha1-FB8zuBp8JJLhJVlDB0gMRmeSeKY=
  dependencies:
    fs.realpath "^1.0.0"
    inflight "^1.0.4"
    inherits "2"
    minimatch "^3.0.4"
    once "^1.3.0"
    path-is-absolute "^1.0.0"

global@~4.3.0:
  version "4.3.2"
  resolved "https://registry.npm.taobao.org/global/download/global-4.3.2.tgz#e76989268a6c74c38908b1305b10fc0e394e9d0f"
  integrity sha1-52mJJopsdMOJCLEwWxD8DjlOnQ8=
  dependencies:
    min-document "^2.19.0"
    process "~0.5.1"

ieee754@^1.1.4:
  version "1.1.13"
  resolved "https://registry.npm.taobao.org/ieee754/download/ieee754-1.1.13.tgz#ec168558e95aa181fd87d37f55c32bbcb6708b84"
  integrity sha1-7BaFWOlaoYH9h9N/VcMrvLZwi4Q=

inflight@^1.0.4:
  version "1.0.6"
  resolved "https://registry.npm.taobao.org/inflight/download/inflight-1.0.6.tgz#49bd6331d7d02d0c09bc910a1075ba8165b56df9"
  integrity sha1-Sb1jMdfQLQwJvJEKEHW6gWW1bfk=
  dependencies:
    once "^1.3.0"
    wrappy "1"

inherits@2:
  version "2.0.4"
  resolved "https://registry.npm.taobao.org/inherits/download/inherits-2.0.4.tgz#0fa2c64f932917c3433a0ded55363aae37416b7c"
  integrity sha1-D6LGT5MpF8NDOg3tVTY6rjdBa3w=

is-fullwidth-code-point@^3.0.0:
  version "3.0.0"
  resolved "https://registry.npm.taobao.org/is-fullwidth-code-point/download/is-fullwidth-code-point-3.0.0.tgz#f116f8064fe90b3f7844a38997c0b75051269f1d"
  integrity sha1-8Rb4Bk/pCz94RKOJl8C3UFEmnx0=

is-function@^1.0.1:
  version "1.0.2"
  resolved "https://registry.npm.taobao.org/is-function/download/is-function-1.0.2.tgz#4f097f30abf6efadac9833b17ca5dc03f8144e08"
  integrity sha1-Twl/MKv2762smDOxfKXcA/gUTgg=

jimp@^0.12.1:
  version "0.12.1"
  resolved "https://registry.npm.taobao.org/jimp/download/jimp-0.12.1.tgz#3e58fdd16ebb2b8f00a09be3dd5c54f79ffae04a"
  integrity sha1-Plj90W67K48AoJvj3VxU95/64Eo=
  dependencies:
    "@babel/runtime" "^7.7.2"
    "@jimp/custom" "^0.12.1"
    "@jimp/plugins" "^0.12.1"
    "@jimp/types" "^0.12.1"
    regenerator-runtime "^0.13.3"

jpeg-js@^0.4.0:
  version "0.4.1"
  resolved "https://registry.npm.taobao.org/jpeg-js/download/jpeg-js-0.4.1.tgz?cache=0&sync_timestamp=1593268238153&other_urls=https%3A%2F%2Fregistry.npm.taobao.org%2Fjpeg-js%2Fdownload%2Fjpeg-js-0.4.1.tgz#937a3ae911eb6427f151760f8123f04c8bfe6ef7"
  integrity sha1-k3o66RHrZCfxUXYPgSPwTIv+bvc=

load-bmfont@^1.3.1, load-bmfont@^1.4.0:
  version "1.4.1"
  resolved "https://registry.npm.taobao.org/load-bmfont/download/load-bmfont-1.4.1.tgz?cache=0&sync_timestamp=1593680203602&other_urls=https%3A%2F%2Fregistry.npm.taobao.org%2Fload-bmfont%2Fdownload%2Fload-bmfont-1.4.1.tgz#c0f5f4711a1e2ccff725a7b6078087ccfcddd3e9"
  integrity sha1-wPX0cRoeLM/3Jae2B4CHzPzd0+k=
  dependencies:
    buffer-equal "0.0.1"
    mime "^1.3.4"
    parse-bmfont-ascii "^1.0.3"
    parse-bmfont-binary "^1.0.5"
    parse-bmfont-xml "^1.1.4"
    phin "^2.9.1"
    xhr "^2.0.1"
    xtend "^4.0.0"

locate-path@^5.0.0:
  version "5.0.0"
  resolved "https://registry.npm.taobao.org/locate-path/download/locate-path-5.0.0.tgz#1afba396afd676a6d42504d0a67a3a7eb9f62aa0"
  integrity sha1-Gvujlq/WdqbUJQTQpno6frn2KqA=
  dependencies:
    p-locate "^4.1.0"

mime@^1.3.4:
  version "1.6.0"
  resolved "https://registry.npm.taobao.org/mime/download/mime-1.6.0.tgz?cache=0&sync_timestamp=1590635592890&other_urls=https%3A%2F%2Fregistry.npm.taobao.org%2Fmime%2Fdownload%2Fmime-1.6.0.tgz#32cd9e5c64553bd58d19a568af452acff04981b1"
  integrity sha1-Ms2eXGRVO9WNGaVor0Uqz/BJgbE=

min-document@^2.19.0:
  version "2.19.0"
  resolved "https://registry.npm.taobao.org/min-document/download/min-document-2.19.0.tgz#7bd282e3f5842ed295bb748cdd9f1ffa2c824685"
  integrity sha1-e9KC4/WELtKVu3SM3Z8f+iyCRoU=
  dependencies:
    dom-walk "^0.1.0"

minimatch@^3.0.4:
  version "3.0.4"
  resolved "https://registry.npm.taobao.org/minimatch/download/minimatch-3.0.4.tgz#5166e286457f03306064be5497e8dbb0c3d32083"
  integrity sha1-UWbihkV/AzBgZL5Ul+jbsMPTIIM=
  dependencies:
    brace-expansion "^1.1.7"

minimist@^1.2.5:
  version "1.2.5"
  resolved "https://registry.npm.taobao.org/minimist/download/minimist-1.2.5.tgz?cache=0&sync_timestamp=1589682820731&other_urls=https%3A%2F%2Fregistry.npm.taobao.org%2Fminimist%2Fdownload%2Fminimist-1.2.5.tgz#67d66014b66a6a8aaa0c083c5fd58df4e4e97602"
  integrity sha1-Z9ZgFLZqaoqqDAg8X9WN9OTpdgI=

mkdirp@^0.5.1:
  version "0.5.5"
  resolved "https://registry.npm.taobao.org/mkdirp/download/mkdirp-0.5.5.tgz?cache=0&sync_timestamp=1589682820707&other_urls=https%3A%2F%2Fregistry.npm.taobao.org%2Fmkdirp%2Fdownload%2Fmkdirp-0.5.5.tgz#d91cefd62d1436ca0f41620e251288d420099def"
  integrity sha1-2Rzv1i0UNsoPQWIOJRKI1CAJne8=
  dependencies:
    minimist "^1.2.5"

omggif@^1.0.9:
  version "1.0.10"
  resolved "https://registry.npm.taobao.org/omggif/download/omggif-1.0.10.tgz#ddaaf90d4a42f532e9e7cb3a95ecdd47f17c7b19"
  integrity sha1-3ar5DUpC9TLp58s6lezdR/F8exk=

once@^1.3.0:
  version "1.4.0"
  resolved "https://registry.npm.taobao.org/once/download/once-1.4.0.tgz#583b1aa775961d4b113ac17d9c50baef9dd76bd1"
  integrity sha1-WDsap3WWHUsROsF9nFC6753Xa9E=
  dependencies:
    wrappy "1"

p-limit@^2.2.0:
  version "2.3.0"
  resolved "https://registry.npm.taobao.org/p-limit/download/p-limit-2.3.0.tgz?cache=0&sync_timestamp=1594559734248&other_urls=https%3A%2F%2Fregistry.npm.taobao.org%2Fp-limit%2Fdownload%2Fp-limit-2.3.0.tgz#3dd33c647a214fdfffd835933eb086da0dc21db1"
  integrity sha1-PdM8ZHohT9//2DWTPrCG2g3CHbE=
  dependencies:
    p-try "^2.0.0"

p-locate@^4.1.0:
  version "4.1.0"
  resolved "https://registry.npm.taobao.org/p-locate/download/p-locate-4.1.0.tgz#a3428bb7088b3a60292f66919278b7c297ad4f07"
  integrity sha1-o0KLtwiLOmApL2aRkni3wpetTwc=
  dependencies:
    p-limit "^2.2.0"

p-try@^2.0.0:
  version "2.2.0"
  resolved "https://registry.npm.taobao.org/p-try/download/p-try-2.2.0.tgz#cb2868540e313d61de58fafbe35ce9004d5540e6"
  integrity sha1-yyhoVA4xPWHeWPr741zpAE1VQOY=

pako@^1.0.5:
  version "1.0.11"
  resolved "https://registry.npm.taobao.org/pako/download/pako-1.0.11.tgz#6c9599d340d54dfd3946380252a35705a6b992bf"
  integrity sha1-bJWZ00DVTf05RjgCUqNXBaa5kr8=

parse-bmfont-ascii@^1.0.3:
  version "1.0.6"
  resolved "https://registry.npm.taobao.org/parse-bmfont-ascii/download/parse-bmfont-ascii-1.0.6.tgz#11ac3c3ff58f7c2020ab22769079108d4dfa0285"
  integrity sha1-Eaw8P/WPfCAgqyJ2kHkQjU36AoU=

parse-bmfont-binary@^1.0.5:
  version "1.0.6"
  resolved "https://registry.npm.taobao.org/parse-bmfont-binary/download/parse-bmfont-binary-1.0.6.tgz#d038b476d3e9dd9db1e11a0b0e53a22792b69006"
  integrity sha1-0Di0dtPp3Z2x4RoLDlOiJ5K2kAY=

parse-bmfont-xml@^1.1.4:
  version "1.1.4"
  resolved "https://registry.npm.taobao.org/parse-bmfont-xml/download/parse-bmfont-xml-1.1.4.tgz#015319797e3e12f9e739c4d513872cd2fa35f389"
  integrity sha1-AVMZeX4+EvnnOcTVE4cs0vo184k=
  dependencies:
    xml-parse-from-string "^1.0.0"
    xml2js "^0.4.5"

parse-headers@^2.0.0:
  version "2.0.3"
  resolved "https://registry.npm.taobao.org/parse-headers/download/parse-headers-2.0.3.tgz#5e8e7512383d140ba02f0c7aa9f49b4399c92515"
  integrity sha1-Xo51Ejg9FAugLwx6qfSbQ5nJJRU=

path-exists@^4.0.0:
  version "4.0.0"
  resolved "https://registry.npm.taobao.org/path-exists/download/path-exists-4.0.0.tgz#513bdbe2d3b95d7762e8c1137efa195c6c61b5b3"
  integrity sha1-UTvb4tO5XXdi6METfvoZXGxhtbM=

path-is-absolute@^1.0.0:
  version "1.0.1"
  resolved "https://registry.npm.taobao.org/path-is-absolute/download/path-is-absolute-1.0.1.tgz#174b9268735534ffbc7ace6bf53a5a9e1b5c5f5f"
  integrity sha1-F0uSaHNVNP+8es5r9TpanhtcX18=

phin@^2.9.1:
  version "2.9.3"
  resolved "https://registry.npm.taobao.org/phin/download/phin-2.9.3.tgz#f9b6ac10a035636fb65dfc576aaaa17b8743125c"
  integrity sha1-+basEKA1Y2+2XfxXaqqhe4dDElw=

pixelmatch@^4.0.2:
  version "4.0.2"
  resolved "https://registry.npm.taobao.org/pixelmatch/download/pixelmatch-4.0.2.tgz?cache=0&sync_timestamp=1593602853981&other_urls=https%3A%2F%2Fregistry.npm.taobao.org%2Fpixelmatch%2Fdownload%2Fpixelmatch-4.0.2.tgz#8f47dcec5011b477b67db03c243bc1f3085e8854"
  integrity sha1-j0fc7FARtHe2fbA8JDvB8wheiFQ=
  dependencies:
    pngjs "^3.0.0"

pngjs@^3.0.0, pngjs@^3.3.3:
  version "3.4.0"
  resolved "https://registry.npm.taobao.org/pngjs/download/pngjs-3.4.0.tgz#99ca7d725965fb655814eaf65f38f12bbdbf555f"
  integrity sha1-mcp9clll+2VYFOr2XzjxK72/VV8=

process@~0.5.1:
  version "0.5.2"
  resolved "https://registry.npm.taobao.org/process/download/process-0.5.2.tgz#1638d8a8e34c2f440a91db95ab9aeb677fc185cf"
  integrity sha1-FjjYqONML0QKkduVq5rrZ3/Bhc8=

regenerator-runtime@^0.13.3, regenerator-runtime@^0.13.4:
  version "0.13.7"
  resolved "https://registry.npm.taobao.org/regenerator-runtime/download/regenerator-runtime-0.13.7.tgz?cache=0&sync_timestamp=1595456311465&other_urls=https%3A%2F%2Fregistry.npm.taobao.org%2Fregenerator-runtime%2Fdownload%2Fregenerator-runtime-0.13.7.tgz#cac2dacc8a1ea675feaabaeb8ae833898ae46f55"
  integrity sha1-ysLazIoepnX+qrrriugziYrkb1U=

require-directory@^2.1.1:
  version "2.1.1"
  resolved "https://registry.npm.taobao.org/require-directory/download/require-directory-2.1.1.tgz#8c64ad5fd30dab1c976e2344ffe7f792a6a6df42"
  integrity sha1-jGStX9MNqxyXbiNE/+f3kqam30I=

require-main-filename@^2.0.0:
  version "2.0.0"
  resolved "https://registry.npm.taobao.org/require-main-filename/download/require-main-filename-2.0.0.tgz#d0b329ecc7cc0f61649f62215be69af54aa8989b"
  integrity sha1-0LMp7MfMD2Fkn2IhW+aa9UqomJs=

require-vm@^1.0.4:
  version "1.0.7"
  resolved "https://registry.npm.taobao.org/require-vm/download/require-vm-1.0.7.tgz#fb7c371a257bbd3422bbcdcddf454a4a0e04efd5"
  integrity sha1-+3w3GiV7vTQiu83N30VKSg4E79U=

sax@>=0.6.0:
  version "1.2.4"
  resolved "https://registry.npm.taobao.org/sax/download/sax-1.2.4.tgz#2816234e2378bddc4e5354fab5caa895df7100d9"
  integrity sha1-KBYjTiN4vdxOU1T6tcqold9xANk=

set-blocking@^2.0.0:
  version "2.0.0"
  resolved "https://registry.npm.taobao.org/set-blocking/download/set-blocking-2.0.0.tgz#045f9782d011ae9a6803ddd382b24392b3d890f7"
  integrity sha1-BF+XgtARrppoA93TgrJDkrPYkPc=

string-width@^4.1.0, string-width@^4.2.0:
  version "4.2.0"
  resolved "https://registry.npm.taobao.org/string-width/download/string-width-4.2.0.tgz#952182c46cc7b2c313d1596e623992bd163b72b5"
  integrity sha1-lSGCxGzHssMT0VluYjmSvRY7crU=
  dependencies:
    emoji-regex "^8.0.0"
    is-fullwidth-code-point "^3.0.0"
    strip-ansi "^6.0.0"

strip-ansi@^6.0.0:
  version "6.0.0"
  resolved "https://registry.npm.taobao.org/strip-ansi/download/strip-ansi-6.0.0.tgz?cache=0&sync_timestamp=1589682795383&other_urls=https%3A%2F%2Fregistry.npm.taobao.org%2Fstrip-ansi%2Fdownload%2Fstrip-ansi-6.0.0.tgz#0b1571dd7669ccd4f3e06e14ef1eed26225ae532"
  integrity sha1-CxVx3XZpzNTz4G4U7x7tJiJa5TI=
  dependencies:
    ansi-regex "^5.0.0"

timm@^1.6.1:
  version "1.6.2"
  resolved "https://registry.npm.taobao.org/timm/download/timm-1.6.2.tgz#dfd8c6719f7ba1fcfc6295a32670a1c6d166c0bd"
  integrity sha1-39jGcZ97ofz8YpWjJnChxtFmwL0=

tinycolor2@^1.4.1:
  version "1.4.1"
  resolved "https://registry.npm.taobao.org/tinycolor2/download/tinycolor2-1.4.1.tgz#f4fad333447bc0b07d4dc8e9209d8f39a8ac77e8"
  integrity sha1-9PrTM0R7wLB9TcjpIJ2POaisd+g=

utif@^2.0.1:
  version "2.0.1"
  resolved "https://registry.npm.taobao.org/utif/download/utif-2.0.1.tgz#9e1582d9bbd20011a6588548ed3266298e711759"
  integrity sha1-nhWC2bvSABGmWIVI7TJmKY5xF1k=
  dependencies:
    pako "^1.0.5"

which-module@^2.0.0:
  version "2.0.0"
  resolved "https://registry.npm.taobao.org/which-module/download/which-module-2.0.0.tgz#d9ef07dce77b9902b8a3a8fa4b31c3e3f7e6e87a"
  integrity sha1-2e8H3Od7mQK4o6j6SzHD4/fm6Ho=

wrap-ansi@^6.2.0:
  version "6.2.0"
  resolved "https://registry.npm.taobao.org/wrap-ansi/download/wrap-ansi-6.2.0.tgz#e9393ba07102e6c91a3b221478f0257cd2856e53"
  integrity sha1-6Tk7oHEC5skaOyIUePAlfNKFblM=
  dependencies:
    ansi-styles "^4.0.0"
    string-width "^4.1.0"
    strip-ansi "^6.0.0"

wrappy@1:
  version "1.0.2"
  resolved "https://registry.npm.taobao.org/wrappy/download/wrappy-1.0.2.tgz#b5243d8f3ec1aa35f1364605bc0d1036e30ab69f"
  integrity sha1-tSQ9jz7BqjXxNkYFvA0QNuMKtp8=

xhr@^2.0.1:
  version "2.5.0"
  resolved "https://registry.npm.taobao.org/xhr/download/xhr-2.5.0.tgz#bed8d1676d5ca36108667692b74b316c496e49dd"
  integrity sha1-vtjRZ21co2EIZnaSt0sxbEluSd0=
  dependencies:
    global "~4.3.0"
    is-function "^1.0.1"
    parse-headers "^2.0.0"
    xtend "^4.0.0"

xml-parse-from-string@^1.0.0:
  version "1.0.1"
  resolved "https://registry.npm.taobao.org/xml-parse-from-string/download/xml-parse-from-string-1.0.1.tgz#a9029e929d3dbcded169f3c6e28238d95a5d5a28"
  integrity sha1-qQKekp09vN7RafPG4oI42VpdWig=

xml2js@^0.4.5:
  version "0.4.23"
  resolved "https://registry.npm.taobao.org/xml2js/download/xml2js-0.4.23.tgz#a0c69516752421eb2ac758ee4d4ccf58843eac66"
  integrity sha1-oMaVFnUkIesqx1juTUzPWIQ+rGY=
  dependencies:
    sax ">=0.6.0"
    xmlbuilder "~11.0.0"

xmlbuilder@~11.0.0:
  version "11.0.1"
  resolved "https://registry.npm.taobao.org/xmlbuilder/download/xmlbuilder-11.0.1.tgz#be9bae1c8a046e76b31127726347d0ad7002beb3"
  integrity sha1-vpuuHIoEbnazESdyY0fQrXACvrM=

xtend@^4.0.0:
  version "4.0.2"
  resolved "https://registry.npm.taobao.org/xtend/download/xtend-4.0.2.tgz?cache=0&sync_timestamp=1589682817913&other_urls=https%3A%2F%2Fregistry.npm.taobao.org%2Fxtend%2Fdownload%2Fxtend-4.0.2.tgz#bb72779f5fa465186b1f438f674fa347fdb5db54"
  integrity sha1-u3J3n1+kZRhrH0OPZ0+jR/2121Q=

y18n@^4.0.0:
  version "4.0.0"
  resolved "https://registry.npm.taobao.org/y18n/download/y18n-4.0.0.tgz#95ef94f85ecc81d007c264e190a120f0a3c8566b"
  integrity sha1-le+U+F7MgdAHwmThkKEg8KPIVms=

yargs-parser@^18.1.2:
  version "18.1.3"
  resolved "https://registry.npm.taobao.org/yargs-parser/download/yargs-parser-18.1.3.tgz?cache=0&sync_timestamp=1596945681098&other_urls=https%3A%2F%2Fregistry.npm.taobao.org%2Fyargs-parser%2Fdownload%2Fyargs-parser-18.1.3.tgz#be68c4975c6b2abf469236b0c870362fab09a7b0"
  integrity sha1-vmjEl1xrKr9GkjawyHA2L6sJp7A=
  dependencies:
    camelcase "^5.0.0"
    decamelize "^1.2.0"

yargs@^15.4.1:
  version "15.4.1"
  resolved "https://registry.npm.taobao.org/yargs/download/yargs-15.4.1.tgz?cache=0&sync_timestamp=1598118535540&other_urls=https%3A%2F%2Fregistry.npm.taobao.org%2Fyargs%2Fdownload%2Fyargs-15.4.1.tgz#0d87a16de01aee9d8bec2bfbf74f67851730f4f8"
  integrity sha1-DYehbeAa7p2L7Cv7909nhRcw9Pg=
  dependencies:
    cliui "^6.0.0"
    decamelize "^1.2.0"
    find-up "^4.1.0"
    get-caller-file "^2.0.1"
    require-directory "^2.1.1"
    require-main-filename "^2.0.0"
    set-blocking "^2.0.0"
    string-width "^4.2.0"
    which-module "^2.0.0"
    y18n "^4.0.0"
    yargs-parser "^18.1.2"
